
Microsoft Visual Studio Solution File, Format Version 12.00
# Visual Studio Version 16
VisualStudioVersion = 16.0.29519.87
MinimumVisualStudioVersion = 10.0.40219.1
Project("{8BC9CEB8-8B4A-11D0-8D11-00A0C91BC942}") = "Project2", "Project2.vcxproj", "{DB4E5233-FEC7-40B1-BDE6-7985CA996AC5}"
EndProject
Global
	GlobalSection(SolutionConfigurationPlatforms) = preSolution
		Debug|x64 = Debug|x64
		Debug|x86 = Debug|x86
		Release|x64 = Release|x64
		Release|x86 = Release|x86
	EndGlobalSection
	GlobalSection(ProjectConfigurationPlatforms) = postSolution
		{DB4E5233-FEC7-40B1-BDE6-7985CA996AC5}.Debug|x64.ActiveCfg = Debug|x64
		{DB4E5233-FEC7-40B1-BDE6-7985CA996AC5}.Debug|x64.Build.0 = Debug|x64
		{DB4E5233-FEC7-40B1-BDE6-7985CA996AC5}.Debug|x86.ActiveCfg = Debug|Win32
		{DB4E5233-FEC7-40B1-BDE6-7985CA996AC5}.Debug|x86.Build.0 = Debug|Win32
		{DB4E5233-FEC7-40B1-BDE6-7985CA996AC5}.Release|x64.ActiveCfg = Release|x64
		{DB4E5233-FEC7-40B1-BDE6-7985CA996AC5}.Release|x64.Build.0 = Release|x64
		{DB4E5233-FEC7-40B1-BDE6-7985CA996AC5}.Release|x86.ActiveCfg = Release|Win32
		{DB4E5233-FEC7-40B1-BDE6-7985CA996AC5}.Release|x86.Build.0 = Release|Win32
	EndGlobalSection
	GlobalSection(SolutionProperties) = preSolution
		HideSolutionNode = FALSE
	EndGlobalSection
	GlobalSection(ExtensibilityGlobals) = postSolution
		SolutionGuid = {3F4DF003-76BC-45C1-97E6-F571E6978510}
	EndGlobalSection
EndGlobal
