
Microsoft Visual Studio Solution File, Format Version 12.00
# Visual Studio Version 16
VisualStudioVersion = 16.0.29920.165
MinimumVisualStudioVersion = 10.0.40219.1
Project("{8BC9CEB8-8B4A-11D0-8D11-00A0C91BC942}") = "Overloading", "Overloading.vcxproj", "{1D64FEF6-9B75-4633-B284-B0CEA1C14156}"
EndProject
Global
	GlobalSection(SolutionConfigurationPlatforms) = preSolution
		Debug|x64 = Debug|x64
		Debug|x86 = Debug|x86
		Release|x64 = Release|x64
		Release|x86 = Release|x86
	EndGlobalSection
	GlobalSection(ProjectConfigurationPlatforms) = postSolution
		{1D64FEF6-9B75-4633-B284-B0CEA1C14156}.Debug|x64.ActiveCfg = Debug|x64
		{1D64FEF6-9B75-4633-B284-B0CEA1C14156}.Debug|x64.Build.0 = Debug|x64
		{1D64FEF6-9B75-4633-B284-B0CEA1C14156}.Debug|x86.ActiveCfg = Debug|Win32
		{1D64FEF6-9B75-4633-B284-B0CEA1C14156}.Debug|x86.Build.0 = Debug|Win32
		{1D64FEF6-9B75-4633-B284-B0CEA1C14156}.Release|x64.ActiveCfg = Release|x64
		{1D64FEF6-9B75-4633-B284-B0CEA1C14156}.Release|x64.Build.0 = Release|x64
		{1D64FEF6-9B75-4633-B284-B0CEA1C14156}.Release|x86.ActiveCfg = Release|Win32
		{1D64FEF6-9B75-4633-B284-B0CEA1C14156}.Release|x86.Build.0 = Release|Win32
	EndGlobalSection
	GlobalSection(SolutionProperties) = preSolution
		HideSolutionNode = FALSE
	EndGlobalSection
	GlobalSection(ExtensibilityGlobals) = postSolution
		SolutionGuid = {ED6AC9BC-D918-4400-B895-A07E02509D46}
	EndGlobalSection
EndGlobal
