
Microsoft Visual Studio Solution File, Format Version 12.00
# Visual Studio Version 16
VisualStudioVersion = 16.0.29920.165
MinimumVisualStudioVersion = 10.0.40219.1
Project("{8BC9CEB8-8B4A-11D0-8D11-00A0C91BC942}") = "Project1", "Project1.vcxproj", "{AFD5B978-428D-430E-B5D9-78E0CB913197}"
EndProject
Global
	GlobalSection(SolutionConfigurationPlatforms) = preSolution
		Debug|x64 = Debug|x64
		Debug|x86 = Debug|x86
		Release|x64 = Release|x64
		Release|x86 = Release|x86
	EndGlobalSection
	GlobalSection(ProjectConfigurationPlatforms) = postSolution
		{AFD5B978-428D-430E-B5D9-78E0CB913197}.Debug|x64.ActiveCfg = Debug|x64
		{AFD5B978-428D-430E-B5D9-78E0CB913197}.Debug|x64.Build.0 = Debug|x64
		{AFD5B978-428D-430E-B5D9-78E0CB913197}.Debug|x86.ActiveCfg = Debug|Win32
		{AFD5B978-428D-430E-B5D9-78E0CB913197}.Debug|x86.Build.0 = Debug|Win32
		{AFD5B978-428D-430E-B5D9-78E0CB913197}.Release|x64.ActiveCfg = Release|x64
		{AFD5B978-428D-430E-B5D9-78E0CB913197}.Release|x64.Build.0 = Release|x64
		{AFD5B978-428D-430E-B5D9-78E0CB913197}.Release|x86.ActiveCfg = Release|Win32
		{AFD5B978-428D-430E-B5D9-78E0CB913197}.Release|x86.Build.0 = Release|Win32
	EndGlobalSection
	GlobalSection(SolutionProperties) = preSolution
		HideSolutionNode = FALSE
	EndGlobalSection
	GlobalSection(ExtensibilityGlobals) = postSolution
		SolutionGuid = {9A56F351-A6E5-4E2D-A067-AA26BA0F40D8}
	EndGlobalSection
EndGlobal
