
Microsoft Visual Studio Solution File, Format Version 12.00
# Visual Studio Version 16
VisualStudioVersion = 16.0.29920.165
MinimumVisualStudioVersion = 10.0.40219.1
Project("{8BC9CEB8-8B4A-11D0-8D11-00A0C91BC942}") = "stream", "stream.vcxproj", "{9ECC4403-178A-484B-BE4A-D0F5B34ABDE0}"
EndProject
Global
	GlobalSection(SolutionConfigurationPlatforms) = preSolution
		Debug|x64 = Debug|x64
		Debug|x86 = Debug|x86
		Release|x64 = Release|x64
		Release|x86 = Release|x86
	EndGlobalSection
	GlobalSection(ProjectConfigurationPlatforms) = postSolution
		{9ECC4403-178A-484B-BE4A-D0F5B34ABDE0}.Debug|x64.ActiveCfg = Debug|x64
		{9ECC4403-178A-484B-BE4A-D0F5B34ABDE0}.Debug|x64.Build.0 = Debug|x64
		{9ECC4403-178A-484B-BE4A-D0F5B34ABDE0}.Debug|x86.ActiveCfg = Debug|Win32
		{9ECC4403-178A-484B-BE4A-D0F5B34ABDE0}.Debug|x86.Build.0 = Debug|Win32
		{9ECC4403-178A-484B-BE4A-D0F5B34ABDE0}.Release|x64.ActiveCfg = Release|x64
		{9ECC4403-178A-484B-BE4A-D0F5B34ABDE0}.Release|x64.Build.0 = Release|x64
		{9ECC4403-178A-484B-BE4A-D0F5B34ABDE0}.Release|x86.ActiveCfg = Release|Win32
		{9ECC4403-178A-484B-BE4A-D0F5B34ABDE0}.Release|x86.Build.0 = Release|Win32
	EndGlobalSection
	GlobalSection(SolutionProperties) = preSolution
		HideSolutionNode = FALSE
	EndGlobalSection
	GlobalSection(ExtensibilityGlobals) = postSolution
		SolutionGuid = {B2C9F552-791B-45A6-BBB0-82A56C7CE5EB}
	EndGlobalSection
EndGlobal
