
Microsoft Visual Studio Solution File, Format Version 12.00
# Visual Studio Version 17
VisualStudioVersion = 17.2.32526.322
MinimumVisualStudioVersion = 10.0.40219.1
Project("{FAE04EC0-301F-11D3-BF4B-00C04F79EFBC}") = "MCU-TimeSetter", "MCU-TimeSetter.csproj", "{C6FB035A-044B-4B96-B962-8F4BC7E4F154}"
EndProject
Global
	GlobalSection(SolutionConfigurationPlatforms) = preSolution
		Debug|Any CPU = Debug|Any CPU
		Release|Any CPU = Release|Any CPU
	EndGlobalSection
	GlobalSection(ProjectConfigurationPlatforms) = postSolution
		{C6FB035A-044B-4B96-B962-8F4BC7E4F154}.Debug|Any CPU.ActiveCfg = Debug|Any CPU
		{C6FB035A-044B-4B96-B962-8F4BC7E4F154}.Debug|Any CPU.Build.0 = Debug|Any CPU
		{C6FB035A-044B-4B96-B962-8F4BC7E4F154}.Release|Any CPU.ActiveCfg = Release|Any CPU
		{C6FB035A-044B-4B96-B962-8F4BC7E4F154}.Release|Any CPU.Build.0 = Release|Any CPU
	EndGlobalSection
	GlobalSection(SolutionProperties) = preSolution
		HideSolutionNode = FALSE
	EndGlobalSection
	GlobalSection(ExtensibilityGlobals) = postSolution
		SolutionGuid = {68208B9E-3DC0-43A2-9192-AFC25D29A90A}
	EndGlobalSection
EndGlobal
